// !$*UTF8*$!
{
	archiveVersion = 1;
	classes = {
	};
	objectVersion = 55;
	objects = {

/* Begin PBXBuildFile section */
		045E304B28E6EE3400B8CEF4 /* TeamvoyTestProjectApp.swift in Sources */ = {isa = PBXBuildFile; fileRef = 045E304A28E6EE3400B8CEF4 /* TeamvoyTestProjectApp.swift */; };
		045E304D28E6EE3400B8CEF4 /* PostListView.swift in Sources */ = {isa = PBXBuildFile; fileRef = 045E304C28E6EE3400B8CEF4 /* PostListView.swift */; };
		045E304F28E6EE3800B8CEF4 /* Assets.xcassets in Resources */ = {isa = PBXBuildFile; fileRef = 045E304E28E6EE3800B8CEF4 /* Assets.xcassets */; };
		045E305228E6EE3800B8CEF4 /* Preview Assets.xcassets in Resources */ = {isa = PBXBuildFile; fileRef = 045E305128E6EE3800B8CEF4 /* Preview Assets.xcassets */; };
		045E305E28E8603800B8CEF4 /* Parsing.swift in Sources */ = {isa = PBXBuildFile; fileRef = 045E305D28E8603800B8CEF4 /* Parsing.swift */; };
		045E306028E8607D00B8CEF4 /* Articles.swift in Sources */ = {isa = PBXBuildFile; fileRef = 045E305F28E8607D00B8CEF4 /* Articles.swift */; };
		045E306228E860B700B8CEF4 /* StateArticle.swift in Sources */ = {isa = PBXBuildFile; fileRef = 045E306128E860B700B8CEF4 /* StateArticle.swift */; };
		045E306428E860D800B8CEF4 /* Source.swift in Sources */ = {isa = PBXBuildFile; fileRef = 045E306328E860D800B8CEF4 /* Source.swift */; };
		045E306E28EACF9E00B8CEF4 /* DetailView.swift in Sources */ = {isa = PBXBuildFile; fileRef = 045E306D28EACF9D00B8CEF4 /* DetailView.swift */; };
		045E307028EAD93400B8CEF4 /* ContentView.swift in Sources */ = {isa = PBXBuildFile; fileRef = 045E306F28EAD93400B8CEF4 /* ContentView.swift */; };
		045E307428EADA0000B8CEF4 /* TestListPosts.swift in Sources */ = {isa = PBXBuildFile; fileRef = 045E307328EADA0000B8CEF4 /* TestListPosts.swift */; };
		045E307728EADD1400B8CEF4 /* TestListModel.swift in Sources */ = {isa = PBXBuildFile; fileRef = 045E307628EADD1400B8CEF4 /* TestListModel.swift */; };
		045E307B28EAEC1900B8CEF4 /* PostDetailView.swift in Sources */ = {isa = PBXBuildFile; fileRef = 045E307A28EAEC1900B8CEF4 /* PostDetailView.swift */; };
/* End PBXBuildFile section */

/* Begin PBXFileReference section */
		045E304728E6EE3400B8CEF4 /* TeamvoyTestProject.app */ = {isa = PBXFileReference; explicitFileType = wrapper.application; includeInIndex = 0; path = TeamvoyTestProject.app; sourceTree = BUILT_PRODUCTS_DIR; };
		045E304A28E6EE3400B8CEF4 /* TeamvoyTestProjectApp.swift */ = {isa = PBXFileReference; lastKnownFileType = sourcecode.swift; path = TeamvoyTestProjectApp.swift; sourceTree = "<group>"; };
		045E304C28E6EE3400B8CEF4 /* PostListView.swift */ = {isa = PBXFileReference; lastKnownFileType = sourcecode.swift; path = PostListView.swift; sourceTree = "<group>"; };
		045E304E28E6EE3800B8CEF4 /* Assets.xcassets */ = {isa = PBXFileReference; lastKnownFileType = folder.assetcatalog; path = Assets.xcassets; sourceTree = "<group>"; };
		045E305128E6EE3800B8CEF4 /* Preview Assets.xcassets */ = {isa = PBXFileReference; lastKnownFileType = folder.assetcatalog; path = "Preview Assets.xcassets"; sourceTree = "<group>"; };
		045E305D28E8603800B8CEF4 /* Parsing.swift */ = {isa = PBXFileReference; lastKnownFileType = sourcecode.swift; path = Parsing.swift; sourceTree = "<group>"; };
		045E305F28E8607D00B8CEF4 /* Articles.swift */ = {isa = PBXFileReference; lastKnownFileType = sourcecode.swift; path = Articles.swift; sourceTree = "<group>"; };
		045E306128E860B700B8CEF4 /* StateArticle.swift */ = {isa = PBXFileReference; lastKnownFileType = sourcecode.swift; path = StateArticle.swift; sourceTree = "<group>"; };
		045E306328E860D800B8CEF4 /* Source.swift */ = {isa = PBXFileReference; lastKnownFileType = sourcecode.swift; path = Source.swift; sourceTree = "<group>"; };
		045E306D28EACF9D00B8CEF4 /* DetailView.swift */ = {isa = PBXFileReference; lastKnownFileType = sourcecode.swift; path = DetailView.swift; sourceTree = "<group>"; };
		045E306F28EAD93400B8CEF4 /* ContentView.swift */ = {isa = PBXFileReference; lastKnownFileType = sourcecode.swift; path = ContentView.swift; sourceTree = "<group>"; };
		045E307328EADA0000B8CEF4 /* TestListPosts.swift */ = {isa = PBXFileReference; lastKnownFileType = sourcecode.swift; path = TestListPosts.swift; sourceTree = "<group>"; };
		045E307628EADD1400B8CEF4 /* TestListModel.swift */ = {isa = PBXFileReference; lastKnownFileType = sourcecode.swift; path = TestListModel.swift; sourceTree = "<group>"; };
		045E307A28EAEC1900B8CEF4 /* PostDetailView.swift */ = {isa = PBXFileReference; lastKnownFileType = sourcecode.swift; path = PostDetailView.swift; sourceTree = "<group>"; };
/* End PBXFileReference section */

/* Begin PBXFrameworksBuildPhase section */
		045E304428E6EE3400B8CEF4 /* Frameworks */ = {
			isa = PBXFrameworksBuildPhase;
			buildActionMask = 2147483647;
			files = (
			);
			runOnlyForDeploymentPostprocessing = 0;
		};
/* End PBXFrameworksBuildPhase section */

/* Begin PBXGroup section */
		045E303E28E6EE3400B8CEF4 = {
			isa = PBXGroup;
			children = (
				045E304928E6EE3400B8CEF4 /* TeamvoyTestProject */,
				045E304828E6EE3400B8CEF4 /* Products */,
			);
			sourceTree = "<group>";
		};
		045E304828E6EE3400B8CEF4 /* Products */ = {
			isa = PBXGroup;
			children = (
				045E304728E6EE3400B8CEF4 /* TeamvoyTestProject.app */,
			);
			name = Products;
			sourceTree = "<group>";
		};
		045E304928E6EE3400B8CEF4 /* TeamvoyTestProject */ = {
			isa = PBXGroup;
			children = (
				045E304A28E6EE3400B8CEF4 /* TeamvoyTestProjectApp.swift */,
				045E306F28EAD93400B8CEF4 /* ContentView.swift */,
				045E309628EC675500B8CEF4 /* Module1 */,
				045E307128EAD9CB00B8CEF4 /* Module2(Test) */,
				045E304E28E6EE3800B8CEF4 /* Assets.xcassets */,
				045E305028E6EE3800B8CEF4 /* Preview Content */,
			);
			path = TeamvoyTestProject;
			sourceTree = "<group>";
		};
		045E305028E6EE3800B8CEF4 /* Preview Content */ = {
			isa = PBXGroup;
			children = (
				045E305128E6EE3800B8CEF4 /* Preview Assets.xcassets */,
			);
			path = "Preview Content";
			sourceTree = "<group>";
		};
		045E305828E6EE9C00B8CEF4 /* Model */ = {
			isa = PBXGroup;
			children = (
				045E305D28E8603800B8CEF4 /* Parsing.swift */,
				045E306128E860B700B8CEF4 /* StateArticle.swift */,
				045E305F28E8607D00B8CEF4 /* Articles.swift */,
				045E306328E860D800B8CEF4 /* Source.swift */,
			);
			path = Model;
			sourceTree = "<group>";
		};
		045E307128EAD9CB00B8CEF4 /* Module2(Test) */ = {
			isa = PBXGroup;
			children = (
				045E309828EC67DE00B8CEF4 /* View */,
				045E307228EAD9DD00B8CEF4 /* TestListModel */,
			);
			path = "Module2(Test)";
			sourceTree = "<group>";
		};
		045E307228EAD9DD00B8CEF4 /* TestListModel */ = {
			isa = PBXGroup;
			children = (
				045E307628EADD1400B8CEF4 /* TestListModel.swift */,
			);
			path = TestListModel;
			sourceTree = "<group>";
		};
		045E309628EC675500B8CEF4 /* Module1 */ = {
			isa = PBXGroup;
			children = (
				045E309728EC67A400B8CEF4 /* View */,
				045E305828E6EE9C00B8CEF4 /* Model */,
			);
			path = Module1;
			sourceTree = "<group>";
		};
		045E309728EC67A400B8CEF4 /* View */ = {
			isa = PBXGroup;
			children = (
				045E304C28E6EE3400B8CEF4 /* PostListView.swift */,
				045E306D28EACF9D00B8CEF4 /* DetailView.swift */,
			);
			path = View;
			sourceTree = "<group>";
		};
		045E309828EC67DE00B8CEF4 /* View */ = {
			isa = PBXGroup;
			children = (
				045E307328EADA0000B8CEF4 /* TestListPosts.swift */,
				045E307A28EAEC1900B8CEF4 /* PostDetailView.swift */,
			);
			path = View;
			sourceTree = "<group>";
		};
/* End PBXGroup section */

/* Begin PBXNativeTarget section */
		045E304628E6EE3400B8CEF4 /* TeamvoyTestProject */ = {
			isa = PBXNativeTarget;
			buildConfigurationList = 045E305528E6EE3800B8CEF4 /* Build configuration list for PBXNativeTarget "TeamvoyTestProject" */;
			buildPhases = (
				045E304328E6EE3400B8CEF4 /* Sources */,
				045E304428E6EE3400B8CEF4 /* Frameworks */,
				045E304528E6EE3400B8CEF4 /* Resources */,
			);
			buildRules = (
			);
			dependencies = (
			);
			name = TeamvoyTestProject;
			productName = TeamvoyTestProject;
			productReference = 045E304728E6EE3400B8CEF4 /* TeamvoyTestProject.app */;
			productType = "com.apple.product-type.application";
		};
/* End PBXNativeTarget section */

/* Begin PBXProject section */
		045E303F28E6EE3400B8CEF4 /* Project object */ = {
			isa = PBXProject;
			attributes = {
				BuildIndependentTargetsInParallel = 1;
				LastSwiftUpdateCheck = 1320;
				LastUpgradeCheck = 1320;
				TargetAttributes = {
					045E304628E6EE3400B8CEF4 = {
						CreatedOnToolsVersion = 13.2.1;
					};
				};
			};
			buildConfigurationList = 045E304228E6EE3400B8CEF4 /* Build configuration list for PBXProject "TeamvoyTestProject" */;
			compatibilityVersion = "Xcode 13.0";
			developmentRegion = en;
			hasScannedForEncodings = 0;
			knownRegions = (
				en,
				Base,
			);
			mainGroup = 045E303E28E6EE3400B8CEF4;
			productRefGroup = 045E304828E6EE3400B8CEF4 /* Products */;
			projectDirPath = "";
			projectRoot = "";
			targets = (
				045E304628E6EE3400B8CEF4 /* TeamvoyTestProject */,
			);
		};
/* End PBXProject section */

/* Begin PBXResourcesBuildPhase section */
		045E304528E6EE3400B8CEF4 /* Resources */ = {
			isa = PBXResourcesBuildPhase;
			buildActionMask = 2147483647;
			files = (
				045E305228E6EE3800B8CEF4 /* Preview Assets.xcassets in Resources */,
				045E304F28E6EE3800B8CEF4 /* Assets.xcassets in Resources */,
			);
			runOnlyForDeploymentPostprocessing = 0;
		};
/* End PBXResourcesBuildPhase section */

/* Begin PBXSourcesBuildPhase section */
		045E304328E6EE3400B8CEF4 /* Sources */ = {
			isa = PBXSourcesBuildPhase;
			buildActionMask = 2147483647;
			files = (
				045E307B28EAEC1900B8CEF4 /* PostDetailView.swift in Sources */,
				045E306428E860D800B8CEF4 /* Source.swift in Sources */,
				045E307428EADA0000B8CEF4 /* TestListPosts.swift in Sources */,
				045E306E28EACF9E00B8CEF4 /* DetailView.swift in Sources */,
				045E307028EAD93400B8CEF4 /* ContentView.swift in Sources */,
				045E305E28E8603800B8CEF4 /* Parsing.swift in Sources */,
				045E304D28E6EE3400B8CEF4 /* PostListView.swift in Sources */,
				045E304B28E6EE3400B8CEF4 /* TeamvoyTestProjectApp.swift in Sources */,
				045E306028E8607D00B8CEF4 /* Articles.swift in Sources */,
				045E306228E860B700B8CEF4 /* StateArticle.swift in Sources */,
				045E307728EADD1400B8CEF4 /* TestListModel.swift in Sources */,
			);
			runOnlyForDeploymentPostprocessing = 0;
		};
/* End PBXSourcesBuildPhase section */

/* Begin XCBuildConfiguration section */
		045E305328E6EE3800B8CEF4 /* Debug */ = {
			isa = XCBuildConfiguration;
			buildSettings = {
				ALWAYS_SEARCH_USER_PATHS = NO;
				CLANG_ANALYZER_NONNULL = YES;
				CLANG_ANALYZER_NUMBER_OBJECT_CONVERSION = YES_AGGRESSIVE;
				CLANG_CXX_LANGUAGE_STANDARD = "gnu++17";
				CLANG_CXX_LIBRARY = "libc++";
				CLANG_ENABLE_MODULES = YES;
				CLANG_ENABLE_OBJC_ARC = YES;
				CLANG_ENABLE_OBJC_WEAK = YES;
				CLANG_WARN_BLOCK_CAPTURE_AUTORELEASING = YES;
				CLANG_WARN_BOOL_CONVERSION = YES;
				CLANG_WARN_COMMA = YES;
				CLANG_WARN_CONSTANT_CONVERSION = YES;
				CLANG_WARN_DEPRECATED_OBJC_IMPLEMENTATIONS = YES;
				CLANG_WARN_DIRECT_OBJC_ISA_USAGE = YES_ERROR;
				CLANG_WARN_DOCUMENTATION_COMMENTS = YES;
				CLANG_WARN_EMPTY_BODY = YES;
				CLANG_WARN_ENUM_CONVERSION = YES;
				CLANG_WARN_INFINITE_RECURSION = YES;
				CLANG_WARN_INT_CONVERSION = YES;
				CLANG_WARN_NON_LITERAL_NULL_CONVERSION = YES;
				CLANG_WARN_OBJC_IMPLICIT_RETAIN_SELF = YES;
				CLANG_WARN_OBJC_LITERAL_CONVERSION = YES;
				CLANG_WARN_OBJC_ROOT_CLASS = YES_ERROR;
				CLANG_WARN_QUOTED_INCLUDE_IN_FRAMEWORK_HEADER = YES;
				CLANG_WARN_RANGE_LOOP_ANALYSIS = YES;
				CLANG_WARN_STRICT_PROTOTYPES = YES;
				CLANG_WARN_SUSPICIOUS_MOVE = YES;
				CLANG_WARN_UNGUARDED_AVAILABILITY = YES_AGGRESSIVE;
				CLANG_WARN_UNREACHABLE_CODE = YES;
				CLANG_WARN__DUPLICATE_METHOD_MATCH = YES;
				COPY_PHASE_STRIP = NO;
				DEBUG_INFORMATION_FORMAT = dwarf;
				ENABLE_STRICT_OBJC_MSGSEND = YES;
				ENABLE_TESTABILITY = YES;
				GCC_C_LANGUAGE_STANDARD = gnu11;
				GCC_DYNAMIC_NO_PIC = NO;
				GCC_NO_COMMON_BLOCKS = YES;
				GCC_OPTIMIZATION_LEVEL = 0;
				GCC_PREPROCESSOR_DEFINITIONS = (
					"DEBUG=1",
					"$(inherited)",
				);
				GCC_WARN_64_TO_32_BIT_CONVERSION = YES;
				GCC_WARN_ABOUT_RETURN_TYPE = YES_ERROR;
				GCC_WARN_UNDECLARED_SELECTOR = YES;
				GCC_WARN_UNINITIALIZED_AUTOS = YES_AGGRESSIVE;
				GCC_WARN_UNUSED_FUNCTION = YES;
				GCC_WARN_UNUSED_VARIABLE = YES;
				IPHONEOS_DEPLOYMENT_TARGET = 15.2;
				MTL_ENABLE_DEBUG_INFO = INCLUDE_SOURCE;
				MTL_FAST_MATH = YES;
				ONLY_ACTIVE_ARCH = YES;
				SDKROOT = iphoneos;
				SWIFT_ACTIVE_COMPILATION_CONDITIONS = DEBUG;
				SWIFT_OPTIMIZATION_LEVEL = "-Onone";
			};
			name = Debug;
		};
		045E305428E6EE3800B8CEF4 /* Release */ = {
			isa = XCBuildConfiguration;
			buildSettings = {
				ALWAYS_SEARCH_USER_PATHS = NO;
				CLANG_ANALYZER_NONNULL = YES;
				CLANG_ANALYZER_NUMBER_OBJECT_CONVERSION = YES_AGGRESSIVE;
				CLANG_CXX_LANGUAGE_STANDARD = "gnu++17";
				CLANG_CXX_LIBRARY = "libc++";
				CLANG_ENABLE_MODULES = YES;
				CLANG_ENABLE_OBJC_ARC = YES;
				CLANG_ENABLE_OBJC_WEAK = YES;
				CLANG_WARN_BLOCK_CAPTURE_AUTORELEASING = YES;
				CLANG_WARN_BOOL_CONVERSION = YES;
				CLANG_WARN_COMMA = YES;
				CLANG_WARN_CONSTANT_CONVERSION = YES;
				CLANG_WARN_DEPRECATED_OBJC_IMPLEMENTATIONS = YES;
				CLANG_WARN_DIRECT_OBJC_ISA_USAGE = YES_ERROR;
				CLANG_WARN_DOCUMENTATION_COMMENTS = YES;
				CLANG_WARN_EMPTY_BODY = YES;
				CLANG_WARN_ENUM_CONVERSION = YES;
				CLANG_WARN_INFINITE_RECURSION = YES;
				CLANG_WARN_INT_CONVERSION = YES;
				CLANG_WARN_NON_LITERAL_NULL_CONVERSION = YES;
				CLANG_WARN_OBJC_IMPLICIT_RETAIN_SELF = YES;
				CLANG_WARN_OBJC_LITERAL_CONVERSION = YES;
				CLANG_WARN_OBJC_ROOT_CLASS = YES_ERROR;
				CLANG_WARN_QUOTED_INCLUDE_IN_FRAMEWORK_HEADER = YES;
				CLANG_WARN_RANGE_LOOP_ANALYSIS = YES;
				CLANG_WARN_STRICT_PROTOTYPES = YES;
				CLANG_WARN_SUSPICIOUS_MOVE = YES;
				CLANG_WARN_UNGUARDED_AVAILABILITY = YES_AGGRESSIVE;
				CLANG_WARN_UNREACHABLE_CODE = YES;
				CLANG_WARN__DUPLICATE_METHOD_MATCH = YES;
				COPY_PHASE_STRIP = NO;
				DEBUG_INFORMATION_FORMAT = "dwarf-with-dsym";
				ENABLE_NS_ASSERTIONS = NO;
				ENABLE_STRICT_OBJC_MSGSEND = YES;
				GCC_C_LANGUAGE_STANDARD = gnu11;
				GCC_NO_COMMON_BLOCKS = YES;
				GCC_WARN_64_TO_32_BIT_CONVERSION = YES;
				GCC_WARN_ABOUT_RETURN_TYPE = YES_ERROR;
				GCC_WARN_UNDECLARED_SELECTOR = YES;
				GCC_WARN_UNINITIALIZED_AUTOS = YES_AGGRESSIVE;
				GCC_WARN_UNUSED_FUNCTION = YES;
				GCC_WARN_UNUSED_VARIABLE = YES;
				IPHONEOS_DEPLOYMENT_TARGET = 15.2;
				MTL_ENABLE_DEBUG_INFO = NO;
				MTL_FAST_MATH = YES;
				SDKROOT = iphoneos;
				SWIFT_COMPILATION_MODE = wholemodule;
				SWIFT_OPTIMIZATION_LEVEL = "-O";
				VALIDATE_PRODUCT = YES;
			};
			name = Release;
		};
		045E305628E6EE3800B8CEF4 /* Debug */ = {
			isa = XCBuildConfiguration;
			buildSettings = {
				ASSETCATALOG_COMPILER_APPICON_NAME = AppIcon;
				ASSETCATALOG_COMPILER_GLOBAL_ACCENT_COLOR_NAME = AccentColor;
				CODE_SIGN_STYLE = Automatic;
				CURRENT_PROJECT_VERSION = 1;
				DEVELOPMENT_ASSET_PATHS = "\"TeamvoyTestProject/Preview Content\"";
				DEVELOPMENT_TEAM = URXJ9G4DT3;
				ENABLE_PREVIEWS = YES;
				GENERATE_INFOPLIST_FILE = YES;
				INFOPLIST_KEY_UIApplicationSceneManifest_Generation = YES;
				INFOPLIST_KEY_UIApplicationSupportsIndirectInputEvents = YES;
				INFOPLIST_KEY_UILaunchScreen_Generation = YES;
				INFOPLIST_KEY_UISupportedInterfaceOrientations = UIInterfaceOrientationPortrait;
				INFOPLIST_KEY_UISupportedInterfaceOrientations_iPad = "UIInterfaceOrientationPortrait UIInterfaceOrientationPortraitUpsideDown UIInterfaceOrientationLandscapeLeft UIInterfaceOrientationLandscapeRight";
				INFOPLIST_KEY_UISupportedInterfaceOrientations_iPhone = "UIInterfaceOrientationPortrait UIInterfaceOrientationLandscapeLeft UIInterfaceOrientationLandscapeRight";
				LD_RUNPATH_SEARCH_PATHS = (
					"$(inherited)",
					"@executable_path/Frameworks",
				);
				MARKETING_VERSION = 1.0;
				PRODUCT_BUNDLE_IDENTIFIER = com.OvcharenkoDan.TeamvoyTestProject;
				PRODUCT_NAME = "$(TARGET_NAME)";
				SWIFT_EMIT_LOC_STRINGS = YES;
				SWIFT_VERSION = 5.0;
				TARGETED_DEVICE_FAMILY = 1;
			};
			name = Debug;
		};
		045E305728E6EE3800B8CEF4 /* Release */ = {
			isa = XCBuildConfiguration;
			buildSettings = {
				ASSETCATALOG_COMPILER_APPICON_NAME = AppIcon;
				ASSETCATALOG_COMPILER_GLOBAL_ACCENT_COLOR_NAME = AccentColor;
				CODE_SIGN_STYLE = Automatic;
				CURRENT_PROJECT_VERSION = 1;
				DEVELOPMENT_ASSET_PATHS = "\"TeamvoyTestProject/Preview Content\"";
				DEVELOPMENT_TEAM = URXJ9G4DT3;
				ENABLE_PREVIEWS = YES;
				GENERATE_INFOPLIST_FILE = YES;
				INFOPLIST_KEY_UIApplicationSceneManifest_Generation = YES;
				INFOPLIST_KEY_UIApplicationSupportsIndirectInputEvents = YES;
				INFOPLIST_KEY_UILaunchScreen_Generation = YES;
				INFOPLIST_KEY_UISupportedInterfaceOrientations = UIInterfaceOrientationPortrait;
				INFOPLIST_KEY_UISupportedInterfaceOrientations_iPad = "UIInterfaceOrientationPortrait UIInterfaceOrientationPortraitUpsideDown UIInterfaceOrientationLandscapeLeft UIInterfaceOrientationLandscapeRight";
				INFOPLIST_KEY_UISupportedInterfaceOrientations_iPhone = "UIInterfaceOrientationPortrait UIInterfaceOrientationLandscapeLeft UIInterfaceOrientationLandscapeRight";
				LD_RUNPATH_SEARCH_PATHS = (
					"$(inherited)",
					"@executable_path/Frameworks",
				);
				MARKETING_VERSION = 1.0;
				PRODUCT_BUNDLE_IDENTIFIER = com.OvcharenkoDan.TeamvoyTestProject;
				PRODUCT_NAME = "$(TARGET_NAME)";
				SWIFT_EMIT_LOC_STRINGS = YES;
				SWIFT_VERSION = 5.0;
				TARGETED_DEVICE_FAMILY = 1;
			};
			name = Release;
		};
/* End XCBuildConfiguration section */

/* Begin XCConfigurationList section */
		045E304228E6EE3400B8CEF4 /* Build configuration list for PBXProject "TeamvoyTestProject" */ = {
			isa = XCConfigurationList;
			buildConfigurations = (
				045E305328E6EE3800B8CEF4 /* Debug */,
				045E305428E6EE3800B8CEF4 /* Release */,
			);
			defaultConfigurationIsVisible = 0;
			defaultConfigurationName = Release;
		};
		045E305528E6EE3800B8CEF4 /* Build configuration list for PBXNativeTarget "TeamvoyTestProject" */ = {
			isa = XCConfigurationList;
			buildConfigurations = (
				045E305628E6EE3800B8CEF4 /* Debug */,
				045E305728E6EE3800B8CEF4 /* Release */,
			);
			defaultConfigurationIsVisible = 0;
			defaultConfigurationName = Release;
		};
/* End XCConfigurationList section */
	};
	rootObject = 045E303F28E6EE3400B8CEF4 /* Project object */;
}
